
Microsoft Visual Studio Solution File, Format Version 12.00
# Visual Studio Version 17
VisualStudioVersion = 17.8.34004.107
MinimumVisualStudioVersion = 10.0.40219.1
Project("{FAE04EC0-301F-11D3-BF4B-00C04F79EFBC}") = "Unadesk", "Unadesk\Unadesk.csproj", "{07728686-CE93-4937-87C4-E51059AFE818}"
EndProject
Project("{FAE04EC0-301F-11D3-BF4B-00C04F79EFBC}") = "Unadesk.Console", "Unadesk.Console\Unadesk.Console.csproj", "{43DFA722-3EC1-4CBA-90C4-003E107FF09A}"
EndProject
Global
	GlobalSection(SolutionConfigurationPlatforms) = preSolution
		Debug|Any CPU = Debug|Any CPU
		Release|Any CPU = Release|Any CPU
	EndGlobalSection
	GlobalSection(ProjectConfigurationPlatforms) = postSolution
		{07728686-CE93-4937-87C4-E51059AFE818}.Debug|Any CPU.ActiveCfg = Debug|Any CPU
		{07728686-CE93-4937-87C4-E51059AFE818}.Debug|Any CPU.Build.0 = Debug|Any CPU
		{07728686-CE93-4937-87C4-E51059AFE818}.Release|Any CPU.ActiveCfg = Release|Any CPU
		{07728686-CE93-4937-87C4-E51059AFE818}.Release|Any CPU.Build.0 = Release|Any CPU
		{43DFA722-3EC1-4CBA-90C4-003E107FF09A}.Debug|Any CPU.ActiveCfg = Debug|Any CPU
		{43DFA722-3EC1-4CBA-90C4-003E107FF09A}.Debug|Any CPU.Build.0 = Debug|Any CPU
		{43DFA722-3EC1-4CBA-90C4-003E107FF09A}.Release|Any CPU.ActiveCfg = Release|Any CPU
		{43DFA722-3EC1-4CBA-90C4-003E107FF09A}.Release|Any CPU.Build.0 = Release|Any CPU
	EndGlobalSection
	GlobalSection(SolutionProperties) = preSolution
		HideSolutionNode = FALSE
	EndGlobalSection
	GlobalSection(ExtensibilityGlobals) = postSolution
		SolutionGuid = {F682F6A9-97B7-4174-982A-C0FB2720A116}
	EndGlobalSection
EndGlobal
